lockfileVersion: '6.0'

settings:
  autoInstallPeers: true
  excludeLinksFromLockfile: false

dependencies:
  '@topcli/prompts':
    specifier: ^1.1.0
    version: 1.1.0
  '@topcli/spinner':
    specifier: ^2.1.1
    version: 2.1.1
  '@topcli/wcwidth':
    specifier: ^1.0.1
    version: 1.0.1
  chalk:
    specifier: ^5.3.0
    version: 5.3.0
  husky:
    specifier: ^8.0.3
    version: 8.0.3
  prompts:
    specifier: link:@types/@topcli/prompts
    version: link:@types/@topcli/prompts

devDependencies:
  '@types/node':
    specifier: ^20.4.2
    version: 20.4.2

packages:

  /@topcli/prompts@1.1.0:
    resolution: {integrity: sha512-NE+hktzY5Nw/LNb1fyRnJ25sdT7A4+TQ6n6HAAI8zQYw1MevRjfp71U8sJ/XVfhagXtQAsHRyTcGNyj8VUDEpA==}
    engines: {node: '>=14'}
    dependencies:
      is-unicode-supported: 1.3.0
      kleur: 4.1.5
      strip-ansi: 7.1.0
    dev: false

  /@topcli/spinner@2.1.1:
    resolution: {integrity: sha512-1wmwHzOKduPRtI8X5FpzurZAWfL/xjbmuQFToT/prfiJIZnFrKTXvK2XPXjg2wn3qqNn3JSYo8GQpQqtNVdp+w==}
    engines: {node: '>=16'}
    dependencies:
      '@topcli/wcwidth': 1.0.1
      ansi-regex: 6.0.1
      cli-cursor: 4.0.0
      cli-spinners: 2.9.0
      kleur: 4.1.5
      strip-ansi: 7.1.0
    dev: false

  /@topcli/wcwidth@1.0.1:
    resolution: {integrity: sha512-fS1k22N6DU5DpDfw61Kz0GDb3hNmJAgDcc8fNWSGBETKuuJnx+0fGSeL0w6dL1YRRjSOxWQJLiwW+byfv84EyQ==}
    engines: {node: '>=14'}
    dev: false

  /@types/node@20.4.2:
    resolution: {integrity: sha512-Dd0BYtWgnWJKwO1jkmTrzofjK2QXXcai0dmtzvIBhcA+RsG5h8R3xlyta0kGOZRNfL9GuRtb1knmPEhQrePCEw==}
    dev: true

  /ansi-regex@6.0.1:
    resolution: {integrity: sha512-n5M855fKb2SsfMIiFFoVrABHJC8QtHwVx+mHWP3QcEqBHYienj5dHSgjbxtC0WEZXYt4wcD6zrQElDPhFuZgfA==}
    engines: {node: '>=12'}
    dev: false

  /chalk@5.3.0:
    resolution: {integrity: sha512-dLitG79d+GV1Nb/VYcCDFivJeK1hiukt9QjRNVOsUtTy1rR1YJsmpGGTZ3qJos+uw7WmWF4wUwBd9jxjocFC2w==}
    engines: {node: ^12.17.0 || ^14.13 || >=16.0.0}
    dev: false

  /cli-cursor@4.0.0:
    resolution: {integrity: sha512-VGtlMu3x/4DOtIUwEkRezxUZ2lBacNJCHash0N0WeZDBS+7Ux1dm3XWAgWYxLJFMMdOeXMHXorshEFhbMSGelg==}
    engines: {node: ^12.20.0 || ^14.13.1 || >=16.0.0}
    dependencies:
      restore-cursor: 4.0.0
    dev: false

  /cli-spinners@2.9.0:
    resolution: {integrity: sha512-4/aL9X3Wh0yiMQlE+eeRhWP6vclO3QRtw1JHKIT0FFUs5FjpFmESqtMvYZ0+lbzBw900b95mS0hohy+qn2VK/g==}
    engines: {node: '>=6'}
    dev: false

  /husky@8.0.3:
    resolution: {integrity: sha512-+dQSyqPh4x1hlO1swXBiNb2HzTDN1I2IGLQx1GrBuiqFJfoMrnZWwVmatvSiO+Iz8fBUnf+lekwNo4c2LlXItg==}
    engines: {node: '>=14'}
    hasBin: true
    dev: false

  /is-unicode-supported@1.3.0:
    resolution: {integrity: sha512-43r2mRvz+8JRIKnWJ+3j8JtjRKZ6GmjzfaE/qiBJnikNnYv/6bagRJ1kUhNk8R5EX/GkobD+r+sfxCPJsiKBLQ==}
    engines: {node: '>=12'}
    dev: false

  /kleur@4.1.5:
    resolution: {integrity: sha512-o+NO+8WrRiQEE4/7nwRJhN1HWpVmJm511pBHUxPLtp0BUISzlBplORYSmTclCnJvQq2tKu/sgl3xVpkc7ZWuQQ==}
    engines: {node: '>=6'}
    dev: false

  /mimic-fn@2.1.0:
    resolution: {integrity: sha512-OqbOk5oEQeAZ8WXWydlu9HJjz9WVdEIvamMCcXmuqUYjTknH/sqsWvhQ3vgwKFRR1HpjvNBKQ37nbJgYzGqGcg==}
    engines: {node: '>=6'}
    dev: false

  /onetime@5.1.2:
    resolution: {integrity: sha512-kbpaSSGJTWdAY5KPVeMOKXSrPtr8C8C7wodJbcsd51jRnmD+GZu8Y0VoU6Dm5Z4vWr0Ig/1NKuWRKf7j5aaYSg==}
    engines: {node: '>=6'}
    dependencies:
      mimic-fn: 2.1.0
    dev: false

  /restore-cursor@4.0.0:
    resolution: {integrity: sha512-I9fPXU9geO9bHOt9pHHOhOkYerIMsmVaWB0rA2AI9ERh/+x/i7MV5HKBNrg+ljO5eoPVgCcnFuRjJ9uH6I/3eg==}
    engines: {node: ^12.20.0 || ^14.13.1 || >=16.0.0}
    dependencies:
      onetime: 5.1.2
      signal-exit: 3.0.7
    dev: false

  /signal-exit@3.0.7:
    resolution: {integrity: sha512-wnD2ZE+l+SPC/uoS0vXeE9L1+0wuaMqKlfz9AMUo38JsyLSBWSFcHR1Rri62LZc12vLr1gb3jl7iwQhgwpAbGQ==}
    dev: false

  /strip-ansi@7.1.0:
    resolution: {integrity: sha512-iq6eVVI64nQQTRYq2KtEg2d2uU7LElhTJwsH4YzIHZshxlgZms/wIc4VoDQTlG/IvVIrBKG06CrZnp0qv7hkcQ==}
    engines: {node: '>=12'}
    dependencies:
      ansi-regex: 6.0.1
    dev: false
